{
  "name": "@otomus/mcparmor",
  "version": "0.3.0",
  "lockfileVersion": 3,
  "requires": true,
  "packages": {
    "": {
      "name": "@otomus/mcparmor",
      "version": "0.3.0",
      "license": "MIT",
      "devDependencies": {
        "@types/node": "^25.5.0",
        "typescript": "^5.7.0"
      },
      "engines": {
        "node": ">=22"
      },
      "optionalDependencies": {
        "mcparmor-darwin-arm64": "0.1.0",
        "mcparmor-darwin-x64": "0.1.0",
        "mcparmor-linux-arm64": "0.1.0",
        "mcparmor-linux-x64": "0.1.0",
        "mcparmor-win32-x64": "0.1.0"
      }
    },
    "node_modules/@types/node": {
      "version": "25.5.0",
      "dev": true,
      "license": "MIT",
      "dependencies": {
        "undici-types": "~7.18.0"
      }
    },
    "node_modules/typescript": {
      "version": "5.9.3",
      "dev": true,
      "license": "Apache-2.0",
      "bin": {
        "tsc": "bin/tsc",
        "tsserver": "bin/tsserver"
      },
      "engines": {
        "node": ">=14.17"
      }
    },
    "node_modules/undici-types": {
      "version": "7.18.2",
      "dev": true,
      "license": "MIT"
    }
  }
}
